// !$*UTF8*$!
{
	archiveVersion = 1;
	classes = {
	};
	objectVersion = 46;
	objects = {

/* Begin PBXBuildFile section */
		D2855E70180FE267003E335D /* shotsViewController.m in Sources */ = {isa = PBXBuildFile; fileRef = D2855E6F180FE267003E335D /* shotsViewController.m */; };
		D2855E73180FE378003E335D /* favoriteViewController.m in Sources */ = {isa = PBXBuildFile; fileRef = D2855E72180FE378003E335D /* favoriteViewController.m */; };
		D2855F0918103EED003E335D /* shotCell.m in Sources */ = {isa = PBXBuildFile; fileRef = D2855F0818103EED003E335D /* shotCell.m */; };
		D28E1BBD180D816200533D73 /* Foundation.framework in Frameworks */ = {isa = PBXBuildFile; fileRef = D28E1BBC180D816200533D73 /* Foundation.framework */; };
		D28E1BBF180D816200533D73 /* CoreGraphics.framework in Frameworks */ = {isa = PBXBuildFile; fileRef = D28E1BBE180D816200533D73 /* CoreGraphics.framework */; };
		D28E1BC1180D816200533D73 /* UIKit.framework in Frameworks */ = {isa = PBXBuildFile; fileRef = D28E1BC0180D816200533D73 /* UIKit.framework */; };
		D28E1BC7180D816200533D73 /* InfoPlist.strings in Resources */ = {isa = PBXBuildFile; fileRef = D28E1BC5180D816200533D73 /* InfoPlist.strings */; };
		D28E1BC9180D816200533D73 /* main.m in Sources */ = {isa = PBXBuildFile; fileRef = D28E1BC8180D816200533D73 /* main.m */; };
		D28E1BCD180D816200533D73 /* AppDelegate.m in Sources */ = {isa = PBXBuildFile; fileRef = D28E1BCC180D816200533D73 /* AppDelegate.m */; };
		D28E1BCF180D816200533D73 /* Images.xcassets in Resources */ = {isa = PBXBuildFile; fileRef = D28E1BCE180D816200533D73 /* Images.xcassets */; };
		D28E1BD6180D816200533D73 /* XCTest.framework in Frameworks */ = {isa = PBXBuildFile; fileRef = D28E1BD5180D816200533D73 /* XCTest.framework */; };
		D28E1BD7180D816200533D73 /* Foundation.framework in Frameworks */ = {isa = PBXBuildFile; fileRef = D28E1BBC180D816200533D73 /* Foundation.framework */; };
		D28E1BD8180D816200533D73 /* UIKit.framework in Frameworks */ = {isa = PBXBuildFile; fileRef = D28E1BC0180D816200533D73 /* UIKit.framework */; };
		D28E1BE0180D816200533D73 /* InfoPlist.strings in Resources */ = {isa = PBXBuildFile; fileRef = D28E1BDE180D816200533D73 /* InfoPlist.strings */; };
		D28E1BE2180D816200533D73 /* TestAppTests.m in Sources */ = {isa = PBXBuildFile; fileRef = D28E1BE1180D816200533D73 /* TestAppTests.m */; };
		D2EC399218105376006F40EE /* A Convicts Home.jpeg in Resources */ = {isa = PBXBuildFile; fileRef = D2EC396E18105376006F40EE /* A Convicts Home.jpeg */; };
		D2EC399318105376006F40EE /* Black Jack.jpeg in Resources */ = {isa = PBXBuildFile; fileRef = D2EC396F18105376006F40EE /* Black Jack.jpeg */; };
		D2EC399418105376006F40EE /* Caney The Clown.jpeg in Resources */ = {isa = PBXBuildFile; fileRef = D2EC397018105376006F40EE /* Caney The Clown.jpeg */; };
		D2EC399518105376006F40EE /* Cast Iron Billy.jpeg in Resources */ = {isa = PBXBuildFile; fileRef = D2EC397118105376006F40EE /* Cast Iron Billy.jpeg */; };
		D2EC399618105376006F40EE /* Clapham Common Industries.jpeg in Resources */ = {isa = PBXBuildFile; fileRef = D2EC397218105376006F40EE /* Clapham Common Industries.jpeg */; };
		D2EC399718105376006F40EE /* Covent Garden Flower Women.jpeg in Resources */ = {isa = PBXBuildFile; fileRef = D2EC397318105376006F40EE /* Covent Garden Flower Women.jpeg */; };
		D2EC399818105376006F40EE /* Covent Garden Labourers.jpeg in Resources */ = {isa = PBXBuildFile; fileRef = D2EC397418105376006F40EE /* Covent Garden Labourers.jpeg */; };
		D2EC399918105376006F40EE /* Dealer In Fancy Ware.jpeg in Resources */ = {isa = PBXBuildFile; fileRef = D2EC397518105376006F40EE /* Dealer In Fancy Ware.jpeg */; };
		D2EC399A18105376006F40EE /* Flying Dustmen.jpeg in Resources */ = {isa = PBXBuildFile; fileRef = D2EC397618105376006F40EE /* Flying Dustmen.jpeg */; };
		D2EC399B18105376006F40EE /* Halpenny Ices.jpeg in Resources */ = {isa = PBXBuildFile; fileRef = D2EC397718105376006F40EE /* Halpenny Ices.jpeg */; };
		D2EC399C18105376006F40EE /* Hookey Alf, Of Whitechapel.jpeg in Resources */ = {isa = PBXBuildFile; fileRef = D2EC397818105376006F40EE /* Hookey Alf, Of Whitechapel.jpeg */; };
		D2EC399D18105376006F40EE /* Italian Street Musicians.jpeg in Resources */ = {isa = PBXBuildFile; fileRef = D2EC397918105376006F40EE /* Italian Street Musicians.jpeg */; };
		D2EC399E18105376006F40EE /* London Cabmen.jpeg in Resources */ = {isa = PBXBuildFile; fileRef = D2EC397A18105376006F40EE /* London Cabmen.jpeg */; };
		D2EC399F18105376006F40EE /* London Nomades.jpeg in Resources */ = {isa = PBXBuildFile; fileRef = D2EC397B18105376006F40EE /* London Nomades.jpeg */; };
		D2EC39A018105376006F40EE /* Mush Fakers And Ginger Beer Makers.jpeg in Resources */ = {isa = PBXBuildFile; fileRef = D2EC397C18105376006F40EE /* Mush Fakers And Ginger Beer Makers.jpeg */; };
		D2EC39A118105376006F40EE /* November Effigies.jpeg in Resources */ = {isa = PBXBuildFile; fileRef = D2EC397D18105376006F40EE /* November Effigies.jpeg */; };
		D2EC39A218105376006F40EE /* Old Furniture.jpeg in Resources */ = {isa = PBXBuildFile; fileRef = D2EC397E18105376006F40EE /* Old Furniture.jpeg */; };
		D2EC39A318105376006F40EE /* Public Disinfectors.jpeg in Resources */ = {isa = PBXBuildFile; fileRef = D2EC397F18105376006F40EE /* Public Disinfectors.jpeg */; };
		D2EC39A418105376006F40EE /* Recruiting Sergeants At Westminster.jpeg in Resources */ = {isa = PBXBuildFile; fileRef = D2EC398018105376006F40EE /* Recruiting Sergeants At Westminster.jpeg */; };
		D2EC39A518105376006F40EE /* Street Advertising.jpeg in Resources */ = {isa = PBXBuildFile; fileRef = D2EC398118105376006F40EE /* Street Advertising.jpeg */; };
		D2EC39A618105376006F40EE /* Street Doctors.jpeg in Resources */ = {isa = PBXBuildFile; fileRef = D2EC398218105376006F40EE /* Street Doctors.jpeg */; };
		D2EC39A718105376006F40EE /* Street Floods In Lambeth.jpeg in Resources */ = {isa = PBXBuildFile; fileRef = D2EC398318105376006F40EE /* Street Floods In Lambeth.jpeg */; };
		D2EC39A818105376006F40EE /* The Cheap Fish Of St. Giles's.jpeg in Resources */ = {isa = PBXBuildFile; fileRef = D2EC398418105376006F40EE /* The Cheap Fish Of St. Giles's.jpeg */; };
		D2EC39A918105376006F40EE /* The Crawlers.jpeg in Resources */ = {isa = PBXBuildFile; fileRef = D2EC398518105376006F40EE /* The Crawlers.jpeg */; };
		D2EC39AA18105376006F40EE /* The Dramatic Shoe Black.jpeg in Resources */ = {isa = PBXBuildFile; fileRef = D2EC398618105376006F40EE /* The Dramatic Shoe Black.jpeg */; };
		D2EC39AB18105376006F40EE /* The Independent Shoe Black.jpeg in Resources */ = {isa = PBXBuildFile; fileRef = D2EC398718105376006F40EE /* The Independent Shoe Black.jpeg */; };
		D2EC39AC18105376006F40EE /* The London Boardmen.jpeg in Resources */ = {isa = PBXBuildFile; fileRef = D2EC398818105376006F40EE /* The London Boardmen.jpeg */; };
		D2EC39AD18105376006F40EE /* The Old Clothes Of St. Giles.jpeg in Resources */ = {isa = PBXBuildFile; fileRef = D2EC398918105376006F40EE /* The Old Clothes Of St. Giles.jpeg */; };
		D2EC39AE18105376006F40EE /* The Seller Of Shell Fish.jpeg in Resources */ = {isa = PBXBuildFile; fileRef = D2EC398A18105376006F40EE /* The Seller Of Shell Fish.jpeg */; };
		D2EC39AF18105376006F40EE /* The Street Fruit Trade.jpeg in Resources */ = {isa = PBXBuildFile; fileRef = D2EC398B18105376006F40EE /* The Street Fruit Trade.jpeg */; };
		D2EC39B018105376006F40EE /* The Street Locksmith.jpeg in Resources */ = {isa = PBXBuildFile; fileRef = D2EC398C18105376006F40EE /* The Street Locksmith.jpeg */; };
		D2EC39B118105376006F40EE /* The Temperance Sweep.jpeg in Resources */ = {isa = PBXBuildFile; fileRef = D2EC398D18105376006F40EE /* The Temperance Sweep.jpeg */; };
		D2EC39B218105376006F40EE /* The Wall Worker.jpeg in Resources */ = {isa = PBXBuildFile; fileRef = D2EC398E18105376006F40EE /* The Wall Worker.jpeg */; };
		D2EC39B318105376006F40EE /* The Water Cart.jpeg in Resources */ = {isa = PBXBuildFile; fileRef = D2EC398F18105376006F40EE /* The Water Cart.jpeg */; };
		D2EC39B418105376006F40EE /* Tickets, The Card Dealer.jpeg in Resources */ = {isa = PBXBuildFile; fileRef = D2EC399018105376006F40EE /* Tickets, The Card Dealer.jpeg */; };
		D2EC39B518105376006F40EE /* Workers On The Silent Highway.jpeg in Resources */ = {isa = PBXBuildFile; fileRef = D2EC399118105376006F40EE /* Workers On The Silent Highway.jpeg */; };
		D2EC39BD1810553F006F40EE /* camera.png in Resources */ = {isa = PBXBuildFile; fileRef = D2EC39B71810553F006F40EE /* camera.png */; };
		D2EC39BE1810553F006F40EE /* camera@2x.png in Resources */ = {isa = PBXBuildFile; fileRef = D2EC39B81810553F006F40EE /* camera@2x.png */; };
		D2EC39BF1810553F006F40EE /* cog_02.png in Resources */ = {isa = PBXBuildFile; fileRef = D2EC39B91810553F006F40EE /* cog_02.png */; };
		D2EC39C01810553F006F40EE /* cog_02@2x.png in Resources */ = {isa = PBXBuildFile; fileRef = D2EC39BA1810553F006F40EE /* cog_02@2x.png */; };
		D2EC39C11810553F006F40EE /* star.png in Resources */ = {isa = PBXBuildFile; fileRef = D2EC39BB1810553F006F40EE /* star.png */; };
		D2EC39C21810553F006F40EE /* star@2x.png in Resources */ = {isa = PBXBuildFile; fileRef = D2EC39BC1810553F006F40EE /* star@2x.png */; };
		D2EC39C518108ABD006F40EE /* heart.png in Resources */ = {isa = PBXBuildFile; fileRef = D2EC39C318108ABD006F40EE /* heart.png */; };
		D2EC39C618108ABD006F40EE /* heart@2x.png in Resources */ = {isa = PBXBuildFile; fileRef = D2EC39C418108ABD006F40EE /* heart@2x.png */; };
		D2EC39C918109E5D006F40EE /* favheart.png in Resources */ = {isa = PBXBuildFile; fileRef = D2EC39C718109E5D006F40EE /* favheart.png */; };
		D2EC39CA18109E5D006F40EE /* favheart@2x.png in Resources */ = {isa = PBXBuildFile; fileRef = D2EC39C818109E5D006F40EE /* favheart@2x.png */; };
/* End PBXBuildFile section */

/* Begin PBXContainerItemProxy section */
		D28E1BD9180D816200533D73 /* PBXContainerItemProxy */ = {
			isa = PBXContainerItemProxy;
			containerPortal = D28E1BB1180D816200533D73 /* Project object */;
			proxyType = 1;
			remoteGlobalIDString = D28E1BB8180D816200533D73;
			remoteInfo = TestApp;
		};
/* End PBXContainerItemProxy section */

/* Begin PBXFileReference section */
		D2855E6E180FE267003E335D /* shotsViewController.h */ = {isa = PBXFileReference; fileEncoding = 4; lastKnownFileType = sourcecode.c.h; path = shotsViewController.h; sourceTree = "<group>"; };
		D2855E6F180FE267003E335D /* shotsViewController.m */ = {isa = PBXFileReference; fileEncoding = 4; lastKnownFileType = sourcecode.c.objc; path = shotsViewController.m; sourceTree = "<group>"; };
		D2855E71180FE378003E335D /* favoriteViewController.h */ = {isa = PBXFileReference; fileEncoding = 4; lastKnownFileType = sourcecode.c.h; path = favoriteViewController.h; sourceTree = "<group>"; };
		D2855E72180FE378003E335D /* favoriteViewController.m */ = {isa = PBXFileReference; fileEncoding = 4; lastKnownFileType = sourcecode.c.objc; path = favoriteViewController.m; sourceTree = "<group>"; };
		D2855F0718103EED003E335D /* shotCell.h */ = {isa = PBXFileReference; fileEncoding = 4; lastKnownFileType = sourcecode.c.h; path = shotCell.h; sourceTree = "<group>"; };
		D2855F0818103EED003E335D /* shotCell.m */ = {isa = PBXFileReference; fileEncoding = 4; lastKnownFileType = sourcecode.c.objc; path = shotCell.m; sourceTree = "<group>"; };
		D28E1BB9180D816200533D73 /* TestApp.app */ = {isa = PBXFileReference; explicitFileType = wrapper.application; includeInIndex = 0; path = TestApp.app; sourceTree = BUILT_PRODUCTS_DIR; };
		D28E1BBC180D816200533D73 /* Foundation.framework */ = {isa = PBXFileReference; lastKnownFileType = wrapper.framework; name = Foundation.framework; path = System/Library/Frameworks/Foundation.framework; sourceTree = SDKROOT; };
		D28E1BBE180D816200533D73 /* CoreGraphics.framework */ = {isa = PBXFileReference; lastKnownFileType = wrapper.framework; name = CoreGraphics.framework; path = System/Library/Frameworks/CoreGraphics.framework; sourceTree = SDKROOT; };
		D28E1BC0180D816200533D73 /* UIKit.framework */ = {isa = PBXFileReference; lastKnownFileType = wrapper.framework; name = UIKit.framework; path = System/Library/Frameworks/UIKit.framework; sourceTree = SDKROOT; };
		D28E1BC4180D816200533D73 /* TestApp-Info.plist */ = {isa = PBXFileReference; lastKnownFileType = text.plist.xml; path = "TestApp-Info.plist"; sourceTree = "<group>"; };
		D28E1BC6180D816200533D73 /* en */ = {isa = PBXFileReference; lastKnownFileType = text.plist.strings; name = en; path = en.lproj/InfoPlist.strings; sourceTree = "<group>"; };
		D28E1BC8180D816200533D73 /* main.m */ = {isa = PBXFileReference; lastKnownFileType = sourcecode.c.objc; path = main.m; sourceTree = "<group>"; };
		D28E1BCA180D816200533D73 /* TestApp-Prefix.pch */ = {isa = PBXFileReference; lastKnownFileType = sourcecode.c.h; path = "TestApp-Prefix.pch"; sourceTree = "<group>"; };
		D28E1BCB180D816200533D73 /* AppDelegate.h */ = {isa = PBXFileReference; lastKnownFileType = sourcecode.c.h; path = AppDelegate.h; sourceTree = "<group>"; };
		D28E1BCC180D816200533D73 /* AppDelegate.m */ = {isa = PBXFileReference; lastKnownFileType = sourcecode.c.objc; path = AppDelegate.m; sourceTree = "<group>"; };
		D28E1BCE180D816200533D73 /* Images.xcassets */ = {isa = PBXFileReference; lastKnownFileType = folder.assetcatalog; path = Images.xcassets; sourceTree = "<group>"; };
		D28E1BD4180D816200533D73 /* TestAppTests.xctest */ = {isa = PBXFileReference; explicitFileType = wrapper.cfbundle; includeInIndex = 0; path = TestAppTests.xctest; sourceTree = BUILT_PRODUCTS_DIR; };
		D28E1BD5180D816200533D73 /* XCTest.framework */ = {isa = PBXFileReference; lastKnownFileType = wrapper.framework; name = XCTest.framework; path = Library/Frameworks/XCTest.framework; sourceTree = DEVELOPER_DIR; };
		D28E1BDD180D816200533D73 /* TestAppTests-Info.plist */ = {isa = PBXFileReference; lastKnownFileType = text.plist.xml; path = "TestAppTests-Info.plist"; sourceTree = "<group>"; };
		D28E1BDF180D816200533D73 /* en */ = {isa = PBXFileReference; lastKnownFileType = text.plist.strings; name = en; path = en.lproj/InfoPlist.strings; sourceTree = "<group>"; };
		D28E1BE1180D816200533D73 /* TestAppTests.m */ = {isa = PBXFileReference; lastKnownFileType = sourcecode.c.objc; path = TestAppTests.m; sourceTree = "<group>"; };
		D2EC396E18105376006F40EE /* A Convicts Home.jpeg */ = {isa = PBXFileReference; lastKnownFileType = image.jpeg; path = "A Convicts Home.jpeg"; sourceTree = "<group>"; };
		D2EC396F18105376006F40EE /* Black Jack.jpeg */ = {isa = PBXFileReference; lastKnownFileType = image.jpeg; path = "Black Jack.jpeg"; sourceTree = "<group>"; };
		D2EC397018105376006F40EE /* Caney The Clown.jpeg */ = {isa = PBXFileReference; lastKnownFileType = image.jpeg; path = "Caney The Clown.jpeg"; sourceTree = "<group>"; };
		D2EC397118105376006F40EE /* Cast Iron Billy.jpeg */ = {isa = PBXFileReference; lastKnownFileType = image.jpeg; path = "Cast Iron Billy.jpeg"; sourceTree = "<group>"; };
		D2EC397218105376006F40EE /* Clapham Common Industries.jpeg */ = {isa = PBXFileReference; lastKnownFileType = image.jpeg; path = "Clapham Common Industries.jpeg"; sourceTree = "<group>"; };
		D2EC397318105376006F40EE /* Covent Garden Flower Women.jpeg */ = {isa = PBXFileReference; lastKnownFileType = image.jpeg; path = "Covent Garden Flower Women.jpeg"; sourceTree = "<group>"; };
		D2EC397418105376006F40EE /* Covent Garden Labourers.jpeg */ = {isa = PBXFileReference; lastKnownFileType = image.jpeg; path = "Covent Garden Labourers.jpeg"; sourceTree = "<group>"; };
		D2EC397518105376006F40EE /* Dealer In Fancy Ware.jpeg */ = {isa = PBXFileReference; lastKnownFileType = image.jpeg; path = "Dealer In Fancy Ware.jpeg"; sourceTree = "<group>"; };
		D2EC397618105376006F40EE /* Flying Dustmen.jpeg */ = {isa = PBXFileReference; lastKnownFileType = image.jpeg; path = "Flying Dustmen.jpeg"; sourceTree = "<group>"; };
		D2EC397718105376006F40EE /* Halpenny Ices.jpeg */ = {isa = PBXFileReference; lastKnownFileType = image.jpeg; path = "Halpenny Ices.jpeg"; sourceTree = "<group>"; };
		D2EC397818105376006F40EE /* Hookey Alf, Of Whitechapel.jpeg */ = {isa = PBXFileReference; lastKnownFileType = image.jpeg; path = "Hookey Alf, Of Whitechapel.jpeg"; sourceTree = "<group>"; };
		D2EC397918105376006F40EE /* Italian Street Musicians.jpeg */ = {isa = PBXFileReference; lastKnownFileType = image.jpeg; path = "Italian Street Musicians.jpeg"; sourceTree = "<group>"; };
		D2EC397A18105376006F40EE /* London Cabmen.jpeg */ = {isa = PBXFileReference; lastKnownFileType = image.jpeg; path = "London Cabmen.jpeg"; sourceTree = "<group>"; };
		D2EC397B18105376006F40EE /* London Nomades.jpeg */ = {isa = PBXFileReference; lastKnownFileType = image.jpeg; path = "London Nomades.jpeg"; sourceTree = "<group>"; };
		D2EC397C18105376006F40EE /* Mush Fakers And Ginger Beer Makers.jpeg */ = {isa = PBXFileReference; lastKnownFileType = image.jpeg; path = "Mush Fakers And Ginger Beer Makers.jpeg"; sourceTree = "<group>"; };
		D2EC397D18105376006F40EE /* November Effigies.jpeg */ = {isa = PBXFileReference; lastKnownFileType = image.jpeg; path = "November Effigies.jpeg"; sourceTree = "<group>"; };
		D2EC397E18105376006F40EE /* Old Furniture.jpeg */ = {isa = PBXFileReference; lastKnownFileType = image.jpeg; path = "Old Furniture.jpeg"; sourceTree = "<group>"; };
		D2EC397F18105376006F40EE /* Public Disinfectors.jpeg */ = {isa = PBXFileReference; lastKnownFileType = image.jpeg; path = "Public Disinfectors.jpeg"; sourceTree = "<group>"; };
		D2EC398018105376006F40EE /* Recruiting Sergeants At Westminster.jpeg */ = {isa = PBXFileReference; lastKnownFileType = image.jpeg; path = "Recruiting Sergeants At Westminster.jpeg"; sourceTree = "<group>"; };
		D2EC398118105376006F40EE /* Street Advertising.jpeg */ = {isa = PBXFileReference; lastKnownFileType = image.jpeg; path = "Street Advertising.jpeg"; sourceTree = "<group>"; };
		D2EC398218105376006F40EE /* Street Doctors.jpeg */ = {isa = PBXFileReference; lastKnownFileType = image.jpeg; path = "Street Doctors.jpeg"; sourceTree = "<group>"; };
		D2EC398318105376006F40EE /* Street Floods In Lambeth.jpeg */ = {isa = PBXFileReference; lastKnownFileType = image.jpeg; path = "Street Floods In Lambeth.jpeg"; sourceTree = "<group>"; };
		D2EC398418105376006F40EE /* The Cheap Fish Of St. Giles's.jpeg */ = {isa = PBXFileReference; lastKnownFileType = image.jpeg; path = "The Cheap Fish Of St. Giles's.jpeg"; sourceTree = "<group>"; };
		D2EC398518105376006F40EE /* The Crawlers.jpeg */ = {isa = PBXFileReference; lastKnownFileType = image.jpeg; path = "The Crawlers.jpeg"; sourceTree = "<group>"; };
		D2EC398618105376006F40EE /* The Dramatic Shoe Black.jpeg */ = {isa = PBXFileReference; lastKnownFileType = image.jpeg; path = "The Dramatic Shoe Black.jpeg"; sourceTree = "<group>"; };
		D2EC398718105376006F40EE /* The Independent Shoe Black.jpeg */ = {isa = PBXFileReference; lastKnownFileType = image.jpeg; path = "The Independent Shoe Black.jpeg"; sourceTree = "<group>"; };
		D2EC398818105376006F40EE /* The London Boardmen.jpeg */ = {isa = PBXFileReference; lastKnownFileType = image.jpeg; path = "The London Boardmen.jpeg"; sourceTree = "<group>"; };
		D2EC398918105376006F40EE /* The Old Clothes Of St. Giles.jpeg */ = {isa = PBXFileReference; lastKnownFileType = image.jpeg; path = "The Old Clothes Of St. Giles.jpeg"; sourceTree = "<group>"; };
		D2EC398A18105376006F40EE /* The Seller Of Shell Fish.jpeg */ = {isa = PBXFileReference; lastKnownFileType = image.jpeg; path = "The Seller Of Shell Fish.jpeg"; sourceTree = "<group>"; };
		D2EC398B18105376006F40EE /* The Street Fruit Trade.jpeg */ = {isa = PBXFileReference; lastKnownFileType = image.jpeg; path = "The Street Fruit Trade.jpeg"; sourceTree = "<group>"; };
		D2EC398C18105376006F40EE /* The Street Locksmith.jpeg */ = {isa = PBXFileReference; lastKnownFileType = image.jpeg; path = "The Street Locksmith.jpeg"; sourceTree = "<group>"; };
		D2EC398D18105376006F40EE /* The Temperance Sweep.jpeg */ = {isa = PBXFileReference; lastKnownFileType = image.jpeg; path = "The Temperance Sweep.jpeg"; sourceTree = "<group>"; };
		D2EC398E18105376006F40EE /* The Wall Worker.jpeg */ = {isa = PBXFileReference; lastKnownFileType = image.jpeg; path = "The Wall Worker.jpeg"; sourceTree = "<group>"; };
		D2EC398F18105376006F40EE /* The Water Cart.jpeg */ = {isa = PBXFileReference; lastKnownFileType = image.jpeg; path = "The Water Cart.jpeg"; sourceTree = "<group>"; };
		D2EC399018105376006F40EE /* Tickets, The Card Dealer.jpeg */ = {isa = PBXFileReference; lastKnownFileType = image.jpeg; path = "Tickets, The Card Dealer.jpeg"; sourceTree = "<group>"; };
		D2EC399118105376006F40EE /* Workers On The Silent Highway.jpeg */ = {isa = PBXFileReference; lastKnownFileType = image.jpeg; path = "Workers On The Silent Highway.jpeg"; sourceTree = "<group>"; };
		D2EC39B71810553F006F40EE /* camera.png */ = {isa = PBXFileReference; lastKnownFileType = image.png; path = camera.png; sourceTree = "<group>"; };
		D2EC39B81810553F006F40EE /* camera@2x.png */ = {isa = PBXFileReference; lastKnownFileType = image.png; path = "camera@2x.png"; sourceTree = "<group>"; };
		D2EC39B91810553F006F40EE /* cog_02.png */ = {isa = PBXFileReference; lastKnownFileType = image.png; path = cog_02.png; sourceTree = "<group>"; };
		D2EC39BA1810553F006F40EE /* cog_02@2x.png */ = {isa = PBXFileReference; lastKnownFileType = image.png; path = "cog_02@2x.png"; sourceTree = "<group>"; };
		D2EC39BB1810553F006F40EE /* star.png */ = {isa = PBXFileReference; lastKnownFileType = image.png; path = star.png; sourceTree = "<group>"; };
		D2EC39BC1810553F006F40EE /* star@2x.png */ = {isa = PBXFileReference; lastKnownFileType = image.png; path = "star@2x.png"; sourceTree = "<group>"; };
		D2EC39C318108ABD006F40EE /* heart.png */ = {isa = PBXFileReference; lastKnownFileType = image.png; path = heart.png; sourceTree = "<group>"; };
		D2EC39C418108ABD006F40EE /* heart@2x.png */ = {isa = PBXFileReference; lastKnownFileType = image.png; path = "heart@2x.png"; sourceTree = "<group>"; };
		D2EC39C718109E5D006F40EE /* favheart.png */ = {isa = PBXFileReference; lastKnownFileType = image.png; path = favheart.png; sourceTree = "<group>"; };
		D2EC39C818109E5D006F40EE /* favheart@2x.png */ = {isa = PBXFileReference; lastKnownFileType = image.png; path = "favheart@2x.png"; sourceTree = "<group>"; };
/* End PBXFileReference section */

/* Begin PBXFrameworksBuildPhase section */
		D28E1BB6180D816200533D73 /* Frameworks */ = {
			isa = PBXFrameworksBuildPhase;
			buildActionMask = 2147483647;
			files = (
				D28E1BBF180D816200533D73 /* CoreGraphics.framework in Frameworks */,
				D28E1BC1180D816200533D73 /* UIKit.framework in Frameworks */,
				D28E1BBD180D816200533D73 /* Foundation.framework in Frameworks */,
			);
			runOnlyForDeploymentPostprocessing = 0;
		};
		D28E1BD1180D816200533D73 /* Frameworks */ = {
			isa = PBXFrameworksBuildPhase;
			buildActionMask = 2147483647;
			files = (
				D28E1BD6180D816200533D73 /* XCTest.framework in Frameworks */,
				D28E1BD8180D816200533D73 /* UIKit.framework in Frameworks */,
				D28E1BD7180D816200533D73 /* Foundation.framework in Frameworks */,
			);
			runOnlyForDeploymentPostprocessing = 0;
		};
/* End PBXFrameworksBuildPhase section */

/* Begin PBXGroup section */
		D28E1BB0180D816200533D73 = {
			isa = PBXGroup;
			children = (
				D28E1BC2180D816200533D73 /* TestApp */,
				D28E1BDB180D816200533D73 /* TestAppTests */,
				D28E1BBB180D816200533D73 /* Frameworks */,
				D28E1BBA180D816200533D73 /* Products */,
			);
			sourceTree = "<group>";
		};
		D28E1BBA180D816200533D73 /* Products */ = {
			isa = PBXGroup;
			children = (
				D28E1BB9180D816200533D73 /* TestApp.app */,
				D28E1BD4180D816200533D73 /* TestAppTests.xctest */,
			);
			name = Products;
			sourceTree = "<group>";
		};
		D28E1BBB180D816200533D73 /* Frameworks */ = {
			isa = PBXGroup;
			children = (
				D28E1BBC180D816200533D73 /* Foundation.framework */,
				D28E1BBE180D816200533D73 /* CoreGraphics.framework */,
				D28E1BC0180D816200533D73 /* UIKit.framework */,
				D28E1BD5180D816200533D73 /* XCTest.framework */,
			);
			name = Frameworks;
			sourceTree = "<group>";
		};
		D28E1BC2180D816200533D73 /* TestApp */ = {
			isa = PBXGroup;
			children = (
				D28E1BCB180D816200533D73 /* AppDelegate.h */,
				D28E1BCC180D816200533D73 /* AppDelegate.m */,
				D28E1BCE180D816200533D73 /* Images.xcassets */,
				D28E1BC3180D816200533D73 /* Supporting Files */,
				D2855E6E180FE267003E335D /* shotsViewController.h */,
				D2855E6F180FE267003E335D /* shotsViewController.m */,
				D2855E71180FE378003E335D /* favoriteViewController.h */,
				D2855E72180FE378003E335D /* favoriteViewController.m */,
				D2855F0718103EED003E335D /* shotCell.h */,
				D2855F0818103EED003E335D /* shotCell.m */,
			);
			path = TestApp;
			sourceTree = "<group>";
		};
		D28E1BC3180D816200533D73 /* Supporting Files */ = {
			isa = PBXGroup;
			children = (
				D2EC39B61810553F006F40EE /* Icons */,
				D2EC396D18105376006F40EE /* Shots */,
				D28E1BC4180D816200533D73 /* TestApp-Info.plist */,
				D28E1BC5180D816200533D73 /* InfoPlist.strings */,
				D28E1BC8180D816200533D73 /* main.m */,
				D28E1BCA180D816200533D73 /* TestApp-Prefix.pch */,
			);
			name = "Supporting Files";
			sourceTree = "<group>";
		};
		D28E1BDB180D816200533D73 /* TestAppTests */ = {
			isa = PBXGroup;
			children = (
				D28E1BE1180D816200533D73 /* TestAppTests.m */,
				D28E1BDC180D816200533D73 /* Supporting Files */,
			);
			path = TestAppTests;
			sourceTree = "<group>";
		};
		D28E1BDC180D816200533D73 /* Supporting Files */ = {
			isa = PBXGroup;
			children = (
				D28E1BDD180D816200533D73 /* TestAppTests-Info.plist */,
				D28E1BDE180D816200533D73 /* InfoPlist.strings */,
			);
			name = "Supporting Files";
			sourceTree = "<group>";
		};
		D2EC396D18105376006F40EE /* Shots */ = {
			isa = PBXGroup;
			children = (
				D2EC396E18105376006F40EE /* A Convicts Home.jpeg */,
				D2EC396F18105376006F40EE /* Black Jack.jpeg */,
				D2EC397018105376006F40EE /* Caney The Clown.jpeg */,
				D2EC397118105376006F40EE /* Cast Iron Billy.jpeg */,
				D2EC397218105376006F40EE /* Clapham Common Industries.jpeg */,
				D2EC397318105376006F40EE /* Covent Garden Flower Women.jpeg */,
				D2EC397418105376006F40EE /* Covent Garden Labourers.jpeg */,
				D2EC397518105376006F40EE /* Dealer In Fancy Ware.jpeg */,
				D2EC397618105376006F40EE /* Flying Dustmen.jpeg */,
				D2EC397718105376006F40EE /* Halpenny Ices.jpeg */,
				D2EC397818105376006F40EE /* Hookey Alf, Of Whitechapel.jpeg */,
				D2EC397918105376006F40EE /* Italian Street Musicians.jpeg */,
				D2EC397A18105376006F40EE /* London Cabmen.jpeg */,
				D2EC397B18105376006F40EE /* London Nomades.jpeg */,
				D2EC397C18105376006F40EE /* Mush Fakers And Ginger Beer Makers.jpeg */,
				D2EC397D18105376006F40EE /* November Effigies.jpeg */,
				D2EC397E18105376006F40EE /* Old Furniture.jpeg */,
				D2EC397F18105376006F40EE /* Public Disinfectors.jpeg */,
				D2EC398018105376006F40EE /* Recruiting Sergeants At Westminster.jpeg */,
				D2EC398118105376006F40EE /* Street Advertising.jpeg */,
				D2EC398218105376006F40EE /* Street Doctors.jpeg */,
				D2EC398318105376006F40EE /* Street Floods In Lambeth.jpeg */,
				D2EC398418105376006F40EE /* The Cheap Fish Of St. Giles's.jpeg */,
				D2EC398518105376006F40EE /* The Crawlers.jpeg */,
				D2EC398618105376006F40EE /* The Dramatic Shoe Black.jpeg */,
				D2EC398718105376006F40EE /* The Independent Shoe Black.jpeg */,
				D2EC398818105376006F40EE /* The London Boardmen.jpeg */,
				D2EC398918105376006F40EE /* The Old Clothes Of St. Giles.jpeg */,
				D2EC398A18105376006F40EE /* The Seller Of Shell Fish.jpeg */,
				D2EC398B18105376006F40EE /* The Street Fruit Trade.jpeg */,
				D2EC398C18105376006F40EE /* The Street Locksmith.jpeg */,
				D2EC398D18105376006F40EE /* The Temperance Sweep.jpeg */,
				D2EC398E18105376006F40EE /* The Wall Worker.jpeg */,
				D2EC398F18105376006F40EE /* The Water Cart.jpeg */,
				D2EC399018105376006F40EE /* Tickets, The Card Dealer.jpeg */,
				D2EC399118105376006F40EE /* Workers On The Silent Highway.jpeg */,
			);
			path = Shots;
			sourceTree = "<group>";
		};
		D2EC39B61810553F006F40EE /* Icons */ = {
			isa = PBXGroup;
			children = (
				D2EC39C718109E5D006F40EE /* favheart.png */,
				D2EC39C818109E5D006F40EE /* favheart@2x.png */,
				D2EC39C318108ABD006F40EE /* heart.png */,
				D2EC39C418108ABD006F40EE /* heart@2x.png */,
				D2EC39B71810553F006F40EE /* camera.png */,
				D2EC39B81810553F006F40EE /* camera@2x.png */,
				D2EC39B91810553F006F40EE /* cog_02.png */,
				D2EC39BA1810553F006F40EE /* cog_02@2x.png */,
				D2EC39BB1810553F006F40EE /* star.png */,
				D2EC39BC1810553F006F40EE /* star@2x.png */,
			);
			name = Icons;
			path = TabBarIcons;
			sourceTree = "<group>";
		};
/* End PBXGroup section */

/* Begin PBXNativeTarget section */
		D28E1BB8180D816200533D73 /* TestApp */ = {
			isa = PBXNativeTarget;
			buildConfigurationList = D28E1BE5180D816200533D73 /* Build configuration list for PBXNativeTarget "TestApp" */;
			buildPhases = (
				D28E1BB5180D816200533D73 /* Sources */,
				D28E1BB6180D816200533D73 /* Frameworks */,
				D28E1BB7180D816200533D73 /* Resources */,
			);
			buildRules = (
			);
			dependencies = (
			);
			name = TestApp;
			productName = TestApp;
			productReference = D28E1BB9180D816200533D73 /* TestApp.app */;
			productType = "com.apple.product-type.application";
		};
		D28E1BD3180D816200533D73 /* TestAppTests */ = {
			isa = PBXNativeTarget;
			buildConfigurationList = D28E1BE8180D816200533D73 /* Build configuration list for PBXNativeTarget "TestAppTests" */;
			buildPhases = (
				D28E1BD0180D816200533D73 /* Sources */,
				D28E1BD1180D816200533D73 /* Frameworks */,
				D28E1BD2180D816200533D73 /* Resources */,
			);
			buildRules = (
			);
			dependencies = (
				D28E1BDA180D816200533D73 /* PBXTargetDependency */,
			);
			name = TestAppTests;
			productName = TestAppTests;
			productReference = D28E1BD4180D816200533D73 /* TestAppTests.xctest */;
			productType = "com.apple.product-type.bundle.unit-test";
		};
/* End PBXNativeTarget section */

/* Begin PBXProject section */
		D28E1BB1180D816200533D73 /* Project object */ = {
			isa = PBXProject;
			attributes = {
				LastUpgradeCheck = 0500;
				ORGANIZATIONNAME = "Watta Puck";
				TargetAttributes = {
					D28E1BD3180D816200533D73 = {
						TestTargetID = D28E1BB8180D816200533D73;
					};
				};
			};
			buildConfigurationList = D28E1BB4180D816200533D73 /* Build configuration list for PBXProject "TestApp" */;
			compatibilityVersion = "Xcode 3.2";
			developmentRegion = English;
			hasScannedForEncodings = 0;
			knownRegions = (
				en,
			);
			mainGroup = D28E1BB0180D816200533D73;
			productRefGroup = D28E1BBA180D816200533D73 /* Products */;
			projectDirPath = "";
			projectRoot = "";
			targets = (
				D28E1BB8180D816200533D73 /* TestApp */,
				D28E1BD3180D816200533D73 /* TestAppTests */,
			);
		};
/* End PBXProject section */

/* Begin PBXResourcesBuildPhase section */
		D28E1BB7180D816200533D73 /* Resources */ = {
			isa = PBXResourcesBuildPhase;
			buildActionMask = 2147483647;
			files = (
				D2EC39AE18105376006F40EE /* The Seller Of Shell Fish.jpeg in Resources */,
				D2EC39B518105376006F40EE /* Workers On The Silent Highway.jpeg in Resources */,
				D2EC399918105376006F40EE /* Dealer In Fancy Ware.jpeg in Resources */,
				D2EC399718105376006F40EE /* Covent Garden Flower Women.jpeg in Resources */,
				D2EC39A218105376006F40EE /* Old Furniture.jpeg in Resources */,
				D2EC39B018105376006F40EE /* The Street Locksmith.jpeg in Resources */,
				D2EC39C11810553F006F40EE /* star.png in Resources */,
				D28E1BC7180D816200533D73 /* InfoPlist.strings in Resources */,
				D2EC399A18105376006F40EE /* Flying Dustmen.jpeg in Resources */,
				D2EC39A918105376006F40EE /* The Crawlers.jpeg in Resources */,
				D2EC399318105376006F40EE /* Black Jack.jpeg in Resources */,
				D2EC399818105376006F40EE /* Covent Garden Labourers.jpeg in Resources */,
				D2EC39BE1810553F006F40EE /* camera@2x.png in Resources */,
				D2EC39CA18109E5D006F40EE /* favheart@2x.png in Resources */,
				D2EC39AC18105376006F40EE /* The London Boardmen.jpeg in Resources */,
				D2EC399518105376006F40EE /* Cast Iron Billy.jpeg in Resources */,
				D2EC39A018105376006F40EE /* Mush Fakers And Ginger Beer Makers.jpeg in Resources */,
				D2EC39B218105376006F40EE /* The Wall Worker.jpeg in Resources */,
				D2EC39B318105376006F40EE /* The Water Cart.jpeg in Resources */,
				D2EC399418105376006F40EE /* Caney The Clown.jpeg in Resources */,
				D2EC39AB18105376006F40EE /* The Independent Shoe Black.jpeg in Resources */,
				D2EC39A418105376006F40EE /* Recruiting Sergeants At Westminster.jpeg in Resources */,
				D2EC39C01810553F006F40EE /* cog_02@2x.png in Resources */,
				D2EC39C21810553F006F40EE /* star@2x.png in Resources */,
				D2EC39BD1810553F006F40EE /* camera.png in Resources */,
				D2EC39B418105376006F40EE /* Tickets, The Card Dealer.jpeg in Resources */,
				D2EC39A818105376006F40EE /* The Cheap Fish Of St. Giles's.jpeg in Resources */,
				D2EC39A618105376006F40EE /* Street Doctors.jpeg in Resources */,
				D2EC399618105376006F40EE /* Clapham Common Industries.jpeg in Resources */,
				D2EC399D18105376006F40EE /* Italian Street Musicians.jpeg in Resources */,
				D2EC399C18105376006F40EE /* Hookey Alf, Of Whitechapel.jpeg in Resources */,
				D2EC39A318105376006F40EE /* Public Disinfectors.jpeg in Resources */,
				D2EC399E18105376006F40EE /* London Cabmen.jpeg in Resources */,
				D2EC39A118105376006F40EE /* November Effigies.jpeg in Resources */,
				D2EC399218105376006F40EE /* A Convicts Home.jpeg in Resources */,
				D28E1BCF180D816200533D73 /* Images.xcassets in Resources */,
				D2EC399F18105376006F40EE /* London Nomades.jpeg in Resources */,
				D2EC39A518105376006F40EE /* Street Advertising.jpeg in Resources */,
				D2EC39C518108ABD006F40EE /* heart.png in Resources */,
				D2EC399B18105376006F40EE /* Halpenny Ices.jpeg in Resources */,
				D2EC39A718105376006F40EE /* Street Floods In Lambeth.jpeg in Resources */,
				D2EC39AA18105376006F40EE /* The Dramatic Shoe Black.jpeg in Resources */,
				D2EC39C918109E5D006F40EE /* favheart.png in Resources */,
				D2EC39AD18105376006F40EE /* The Old Clothes Of St. Giles.jpeg in Resources */,
				D2EC39B118105376006F40EE /* The Temperance Sweep.jpeg in Resources */,
				D2EC39AF18105376006F40EE /* The Street Fruit Trade.jpeg in Resources */,
				D2EC39BF1810553F006F40EE /* cog_02.png in Resources */,
				D2EC39C618108ABD006F40EE /* heart@2x.png in Resources */,
			);
			runOnlyForDeploymentPostprocessing = 0;
		};
		D28E1BD2180D816200533D73 /* Resources */ = {
			isa = PBXResourcesBuildPhase;
			buildActionMask = 2147483647;
			files = (
				D28E1BE0180D816200533D73 /* InfoPlist.strings in Resources */,
			);
			runOnlyForDeploymentPostprocessing = 0;
		};
/* End PBXResourcesBuildPhase section */

/* Begin PBXSourcesBuildPhase section */
		D28E1BB5180D816200533D73 /* Sources */ = {
			isa = PBXSourcesBuildPhase;
			buildActionMask = 2147483647;
			files = (
				D2855F0918103EED003E335D /* shotCell.m in Sources */,
				D28E1BCD180D816200533D73 /* AppDelegate.m in Sources */,
				D2855E70180FE267003E335D /* shotsViewController.m in Sources */,
				D2855E73180FE378003E335D /* favoriteViewController.m in Sources */,
				D28E1BC9180D816200533D73 /* main.m in Sources */,
			);
			runOnlyForDeploymentPostprocessing = 0;
		};
		D28E1BD0180D816200533D73 /* Sources */ = {
			isa = PBXSourcesBuildPhase;
			buildActionMask = 2147483647;
			files = (
				D28E1BE2180D816200533D73 /* TestAppTests.m in Sources */,
			);
			runOnlyForDeploymentPostprocessing = 0;
		};
/* End PBXSourcesBuildPhase section */

/* Begin PBXTargetDependency section */
		D28E1BDA180D816200533D73 /* PBXTargetDependency */ = {
			isa = PBXTargetDependency;
			target = D28E1BB8180D816200533D73 /* TestApp */;
			targetProxy = D28E1BD9180D816200533D73 /* PBXContainerItemProxy */;
		};
/* End PBXTargetDependency section */

/* Begin PBXVariantGroup section */
		D28E1BC5180D816200533D73 /* InfoPlist.strings */ = {
			isa = PBXVariantGroup;
			children = (
				D28E1BC6180D816200533D73 /* en */,
			);
			name = InfoPlist.strings;
			sourceTree = "<group>";
		};
		D28E1BDE180D816200533D73 /* InfoPlist.strings */ = {
			isa = PBXVariantGroup;
			children = (
				D28E1BDF180D816200533D73 /* en */,
			);
			name = InfoPlist.strings;
			sourceTree = "<group>";
		};
/* End PBXVariantGroup section */

/* Begin XCBuildConfiguration section */
		D28E1BE3180D816200533D73 /* Debug */ = {
			isa = XCBuildConfiguration;
			buildSettings = {
				ALWAYS_SEARCH_USER_PATHS = NO;
				ARCHS = "$(ARCHS_STANDARD_INCLUDING_64_BIT)";
				CLANG_CXX_LANGUAGE_STANDARD = "gnu++0x";
				CLANG_CXX_LIBRARY = "libc++";
				CLANG_ENABLE_MODULES = YES;
				CLANG_ENABLE_OBJC_ARC = NO;
				CLANG_WARN_BOOL_CONVERSION = YES;
				CLANG_WARN_CONSTANT_CONVERSION = YES;
				CLANG_WARN_DIRECT_OBJC_ISA_USAGE = YES_ERROR;
				CLANG_WARN_EMPTY_BODY = YES;
				CLANG_WARN_ENUM_CONVERSION = YES;
				CLANG_WARN_INT_CONVERSION = YES;
				CLANG_WARN_OBJC_ROOT_CLASS = YES_ERROR;
				CLANG_WARN__DUPLICATE_METHOD_MATCH = YES;
				"CODE_SIGN_IDENTITY[sdk=iphoneos*]" = "iPhone Developer";
				COPY_PHASE_STRIP = NO;
				GCC_C_LANGUAGE_STANDARD = gnu99;
				GCC_DYNAMIC_NO_PIC = NO;
				GCC_OPTIMIZATION_LEVEL = 0;
				GCC_PREPROCESSOR_DEFINITIONS = (
					"DEBUG=1",
					"$(inherited)",
				);
				GCC_SYMBOLS_PRIVATE_EXTERN = NO;
				GCC_WARN_64_TO_32_BIT_CONVERSION = YES;
				GCC_WARN_ABOUT_RETURN_TYPE = YES_ERROR;
				GCC_WARN_UNDECLARED_SELECTOR = YES;
				GCC_WARN_UNINITIALIZED_AUTOS = YES;
				GCC_WARN_UNUSED_FUNCTION = YES;
				GCC_WARN_UNUSED_VARIABLE = YES;
				IPHONEOS_DEPLOYMENT_TARGET = 7.0;
				ONLY_ACTIVE_ARCH = YES;
				SDKROOT = iphoneos;
				TARGETED_DEVICE_FAMILY = "1,2";
			};
			name = Debug;
		};
		D28E1BE4180D816200533D73 /* Release */ = {
			isa = XCBuildConfiguration;
			buildSettings = {
				ALWAYS_SEARCH_USER_PATHS = NO;
				ARCHS = "$(ARCHS_STANDARD_INCLUDING_64_BIT)";
				CLANG_CXX_LANGUAGE_STANDARD = "gnu++0x";
				CLANG_CXX_LIBRARY = "libc++";
				CLANG_ENABLE_MODULES = YES;
				CLANG_ENABLE_OBJC_ARC = NO;
				CLANG_WARN_BOOL_CONVERSION = YES;
				CLANG_WARN_CONSTANT_CONVERSION = YES;
				CLANG_WARN_DIRECT_OBJC_ISA_USAGE = YES_ERROR;
				CLANG_WARN_EMPTY_BODY = YES;
				CLANG_WARN_ENUM_CONVERSION = YES;
				CLANG_WARN_INT_CONVERSION = YES;
				CLANG_WARN_OBJC_ROOT_CLASS = YES_ERROR;
				CLANG_WARN__DUPLICATE_METHOD_MATCH = YES;
				"CODE_SIGN_IDENTITY[sdk=iphoneos*]" = "iPhone Developer";
				COPY_PHASE_STRIP = YES;
				ENABLE_NS_ASSERTIONS = NO;
				GCC_C_LANGUAGE_STANDARD = gnu99;
				GCC_WARN_64_TO_32_BIT_CONVERSION = YES;
				GCC_WARN_ABOUT_RETURN_TYPE = YES_ERROR;
				GCC_WARN_UNDECLARED_SELECTOR = YES;
				GCC_WARN_UNINITIALIZED_AUTOS = YES;
				GCC_WARN_UNUSED_FUNCTION = YES;
				GCC_WARN_UNUSED_VARIABLE = YES;
				IPHONEOS_DEPLOYMENT_TARGET = 7.0;
				SDKROOT = iphoneos;
				TARGETED_DEVICE_FAMILY = "1,2";
				VALIDATE_PRODUCT = YES;
			};
			name = Release;
		};
		D28E1BE6180D816200533D73 /* Debug */ = {
			isa = XCBuildConfiguration;
			buildSettings = {
				ASSETCATALOG_COMPILER_APPICON_NAME = AppIcon;
				ASSETCATALOG_COMPILER_LAUNCHIMAGE_NAME = LaunchImage;
				CODE_SIGN_IDENTITY = "iPhone Developer";
				GCC_PRECOMPILE_PREFIX_HEADER = YES;
				GCC_PREFIX_HEADER = "TestApp/TestApp-Prefix.pch";
				INFOPLIST_FILE = "TestApp/TestApp-Info.plist";
				IPHONEOS_DEPLOYMENT_TARGET = 5.0;
				PRODUCT_NAME = "$(TARGET_NAME)";
				TARGETED_DEVICE_FAMILY = "1,2";
				WRAPPER_EXTENSION = app;
			};
			name = Debug;
		};
		D28E1BE7180D816200533D73 /* Release */ = {
			isa = XCBuildConfiguration;
			buildSettings = {
				ASSETCATALOG_COMPILER_APPICON_NAME = AppIcon;
				ASSETCATALOG_COMPILER_LAUNCHIMAGE_NAME = LaunchImage;
				CODE_SIGN_IDENTITY = "iPhone Developer";
				GCC_PRECOMPILE_PREFIX_HEADER = YES;
				GCC_PREFIX_HEADER = "TestApp/TestApp-Prefix.pch";
				INFOPLIST_FILE = "TestApp/TestApp-Info.plist";
				IPHONEOS_DEPLOYMENT_TARGET = 5.0;
				PRODUCT_NAME = "$(TARGET_NAME)";
				TARGETED_DEVICE_FAMILY = "1,2";
				WRAPPER_EXTENSION = app;
			};
			name = Release;
		};
		D28E1BE9180D816200533D73 /* Debug */ = {
			isa = XCBuildConfiguration;
			buildSettings = {
				ARCHS = "$(ARCHS_STANDARD_INCLUDING_64_BIT)";
				BUNDLE_LOADER = "$(BUILT_PRODUCTS_DIR)/TestApp.app/TestApp";
				FRAMEWORK_SEARCH_PATHS = (
					"$(SDKROOT)/Developer/Library/Frameworks",
					"$(inherited)",
					"$(DEVELOPER_FRAMEWORKS_DIR)",
				);
				GCC_PRECOMPILE_PREFIX_HEADER = YES;
				GCC_PREFIX_HEADER = "TestApp/TestApp-Prefix.pch";
				GCC_PREPROCESSOR_DEFINITIONS = (
					"DEBUG=1",
					"$(inherited)",
				);
				INFOPLIST_FILE = "TestAppTests/TestAppTests-Info.plist";
				PRODUCT_NAME = "$(TARGET_NAME)";
				TEST_HOST = "$(BUNDLE_LOADER)";
				WRAPPER_EXTENSION = xctest;
			};
			name = Debug;
		};
		D28E1BEA180D816200533D73 /* Release */ = {
			isa = XCBuildConfiguration;
			buildSettings = {
				ARCHS = "$(ARCHS_STANDARD_INCLUDING_64_BIT)";
				BUNDLE_LOADER = "$(BUILT_PRODUCTS_DIR)/TestApp.app/TestApp";
				FRAMEWORK_SEARCH_PATHS = (
					"$(SDKROOT)/Developer/Library/Frameworks",
					"$(inherited)",
					"$(DEVELOPER_FRAMEWORKS_DIR)",
				);
				GCC_PRECOMPILE_PREFIX_HEADER = YES;
				GCC_PREFIX_HEADER = "TestApp/TestApp-Prefix.pch";
				INFOPLIST_FILE = "TestAppTests/TestAppTests-Info.plist";
				PRODUCT_NAME = "$(TARGET_NAME)";
				TEST_HOST = "$(BUNDLE_LOADER)";
				WRAPPER_EXTENSION = xctest;
			};
			name = Release;
		};
/* End XCBuildConfiguration section */

/* Begin XCConfigurationList section */
		D28E1BB4180D816200533D73 /* Build configuration list for PBXProject "TestApp" */ = {
			isa = XCConfigurationList;
			buildConfigurations = (
				D28E1BE3180D816200533D73 /* Debug */,
				D28E1BE4180D816200533D73 /* Release */,
			);
			defaultConfigurationIsVisible = 0;
			defaultConfigurationName = Release;
		};
		D28E1BE5180D816200533D73 /* Build configuration list for PBXNativeTarget "TestApp" */ = {
			isa = XCConfigurationList;
			buildConfigurations = (
				D28E1BE6180D816200533D73 /* Debug */,
				D28E1BE7180D816200533D73 /* Release */,
			);
			defaultConfigurationIsVisible = 0;
			defaultConfigurationName = Release;
		};
		D28E1BE8180D816200533D73 /* Build configuration list for PBXNativeTarget "TestAppTests" */ = {
			isa = XCConfigurationList;
			buildConfigurations = (
				D28E1BE9180D816200533D73 /* Debug */,
				D28E1BEA180D816200533D73 /* Release */,
			);
			defaultConfigurationIsVisible = 0;
			defaultConfigurationName = Release;
		};
/* End XCConfigurationList section */
	};
	rootObject = D28E1BB1180D816200533D73 /* Project object */;
}
